<Solution>
  <Project Path="TP3.Agent.Logic/TP3.Agent.Logic.csproj" />
  <Project Path="TP3.CLI/TP3.CLI.csproj" />
  <Project Path="TP3.Client/TP3.Client.csproj" />
  <Project Path="TP3.GUI.GTK/TP3.GUI.GTK.csproj" />
  <Project Path="TP3.Maui.Client/TP3.Maui.Client.csproj" />
  <Project Path="TP3.Interfaces/TP3.Interfaces.csproj" />
  <Project Path="TP3.Messages/TP3.Messages.csproj" />
  <Project Path="TP3.Service.FileSystem/TP3.Service.FileSystem.csproj" />
  <Project Path="TP3.Service.Screen/TP3.Service.Screen.csproj" />
</Solution>
